
Microsoft Visual Studio Solution File, Format Version 12.00
# Visual Studio Version 16
VisualStudioVersion = 16.0.31424.327
MinimumVisualStudioVersion = 10.0.40219.1
Project("{2150E333-8FDC-42A3-9474-1A3956D46DE8}") = "src", "src", "{86AFEC89-CA13-4D20-88C2-9D740A0E9A2E}"
EndProject
Project("{9A19103F-16F7-4668-BE54-9A1E7A4F7556}") = "Luyenthi.HttpApi.Host", "src\Luyenthi.HttpApi.Host\Luyenthi.HttpApi.Host.csproj", "{1C79F5A8-3347-4278-99E0-F2C5CE7162BE}"
EndProject
Project("{FAE04EC0-301F-11D3-BF4B-00C04F79EFBC}") = "Luyenthi.Core", "src\Luyenthi.Core\Luyenthi.Core.csproj", "{7B58F675-FB97-45B7-9745-7CE1397AC95F}"
EndProject
Project("{FAE04EC0-301F-11D3-BF4B-00C04F79EFBC}") = "Luyenthi.Domain", "src\Luyenthi.Domain\Luyenthi.Domain.csproj", "{713AB759-D7B9-4B2A-8874-8F07271F4A00}"
EndProject
Project("{FAE04EC0-301F-11D3-BF4B-00C04F79EFBC}") = "Luyenthi.EntityFrameworkCore", "src\Luyenthi.EntityFrameworkCore\Luyenthi.EntityFrameworkCore.csproj", "{DE134DAD-E8A6-4D5C-B073-D6DB9930B30F}"
EndProject
Project("{FAE04EC0-301F-11D3-BF4B-00C04F79EFBC}") = "Luyenthi.Services", "src\Luyenthi.Services\Luyenthi.Services.csproj", "{F5802C7B-6EB6-468B-9923-92DC78FB5F91}"
EndProject
Project("{FAE04EC0-301F-11D3-BF4B-00C04F79EFBC}") = "Luyenthi.DbMigrator", "src\Luyenthi.DbMigrator\Luyenthi.DbMigrator.csproj", "{7A0E88FA-2615-4FB6-AE1C-A50D8DA68783}"
EndProject
Global
	GlobalSection(SolutionConfigurationPlatforms) = preSolution
		Debug|Any CPU = Debug|Any CPU
		Release|Any CPU = Release|Any CPU
	EndGlobalSection
	GlobalSection(ProjectConfigurationPlatforms) = postSolution
		{1C79F5A8-3347-4278-99E0-F2C5CE7162BE}.Debug|Any CPU.ActiveCfg = Debug|Any CPU
		{1C79F5A8-3347-4278-99E0-F2C5CE7162BE}.Debug|Any CPU.Build.0 = Debug|Any CPU
		{1C79F5A8-3347-4278-99E0-F2C5CE7162BE}.Release|Any CPU.ActiveCfg = Release|Any CPU
		{1C79F5A8-3347-4278-99E0-F2C5CE7162BE}.Release|Any CPU.Build.0 = Release|Any CPU
		{7B58F675-FB97-45B7-9745-7CE1397AC95F}.Debug|Any CPU.ActiveCfg = Debug|Any CPU
		{7B58F675-FB97-45B7-9745-7CE1397AC95F}.Debug|Any CPU.Build.0 = Debug|Any CPU
		{7B58F675-FB97-45B7-9745-7CE1397AC95F}.Release|Any CPU.ActiveCfg = Release|Any CPU
		{7B58F675-FB97-45B7-9745-7CE1397AC95F}.Release|Any CPU.Build.0 = Release|Any CPU
		{713AB759-D7B9-4B2A-8874-8F07271F4A00}.Debug|Any CPU.ActiveCfg = Debug|Any CPU
		{713AB759-D7B9-4B2A-8874-8F07271F4A00}.Debug|Any CPU.Build.0 = Debug|Any CPU
		{713AB759-D7B9-4B2A-8874-8F07271F4A00}.Release|Any CPU.ActiveCfg = Release|Any CPU
		{713AB759-D7B9-4B2A-8874-8F07271F4A00}.Release|Any CPU.Build.0 = Release|Any CPU
		{DE134DAD-E8A6-4D5C-B073-D6DB9930B30F}.Debug|Any CPU.ActiveCfg = Debug|Any CPU
		{DE134DAD-E8A6-4D5C-B073-D6DB9930B30F}.Debug|Any CPU.Build.0 = Debug|Any CPU
		{DE134DAD-E8A6-4D5C-B073-D6DB9930B30F}.Release|Any CPU.ActiveCfg = Release|Any CPU
		{DE134DAD-E8A6-4D5C-B073-D6DB9930B30F}.Release|Any CPU.Build.0 = Release|Any CPU
		{F5802C7B-6EB6-468B-9923-92DC78FB5F91}.Debug|Any CPU.ActiveCfg = Debug|Any CPU
		{F5802C7B-6EB6-468B-9923-92DC78FB5F91}.Debug|Any CPU.Build.0 = Debug|Any CPU
		{F5802C7B-6EB6-468B-9923-92DC78FB5F91}.Release|Any CPU.ActiveCfg = Release|Any CPU
		{F5802C7B-6EB6-468B-9923-92DC78FB5F91}.Release|Any CPU.Build.0 = Release|Any CPU
		{7A0E88FA-2615-4FB6-AE1C-A50D8DA68783}.Debug|Any CPU.ActiveCfg = Debug|Any CPU
		{7A0E88FA-2615-4FB6-AE1C-A50D8DA68783}.Debug|Any CPU.Build.0 = Debug|Any CPU
		{7A0E88FA-2615-4FB6-AE1C-A50D8DA68783}.Release|Any CPU.ActiveCfg = Release|Any CPU
		{7A0E88FA-2615-4FB6-AE1C-A50D8DA68783}.Release|Any CPU.Build.0 = Release|Any CPU
	EndGlobalSection
	GlobalSection(SolutionProperties) = preSolution
		HideSolutionNode = FALSE
	EndGlobalSection
	GlobalSection(NestedProjects) = preSolution
		{1C79F5A8-3347-4278-99E0-F2C5CE7162BE} = {86AFEC89-CA13-4D20-88C2-9D740A0E9A2E}
		{7B58F675-FB97-45B7-9745-7CE1397AC95F} = {86AFEC89-CA13-4D20-88C2-9D740A0E9A2E}
		{713AB759-D7B9-4B2A-8874-8F07271F4A00} = {86AFEC89-CA13-4D20-88C2-9D740A0E9A2E}
		{DE134DAD-E8A6-4D5C-B073-D6DB9930B30F} = {86AFEC89-CA13-4D20-88C2-9D740A0E9A2E}
		{F5802C7B-6EB6-468B-9923-92DC78FB5F91} = {86AFEC89-CA13-4D20-88C2-9D740A0E9A2E}
		{7A0E88FA-2615-4FB6-AE1C-A50D8DA68783} = {86AFEC89-CA13-4D20-88C2-9D740A0E9A2E}
	EndGlobalSection
	GlobalSection(ExtensibilityGlobals) = postSolution
		SolutionGuid = {77193AE8-6C15-4402-A1DC-E8D9225DEB59}
	EndGlobalSection
EndGlobal
